# THIS IS AN AUTOGENERATED FILE. DO NOT EDIT THIS FILE DIRECTLY.
# yarn lockfile v1


inputmask@^5.0.9:
  version "5.0.9"
  resolved "https://registry.yarnpkg.com/inputmask/-/inputmask-5.0.9.tgz#7bf4e83f5e199c88c0edf28545dc23fa208ef4be"
  integrity sha512-s0lUfqcEbel+EQXtehXqwCJGShutgieOaIImFKC/r4reYNvX3foyrChl6LOEvaEgxEbesePIrw1Zi2jhZaDZbQ==
